{
  "name": "tools",
  "lockfileVersion": 2,
  "requires": true,
  "packages": {
    "": {
      "dependencies": {
        "plotly.js-dist": "^2.14.0",
        "progressbar.js": "^1.1.0"
      }
    },
    "node_modules/fsevents": {
      "version": "2.3.2",
      "resolved": "https://registry.npmjs.org/fsevents/-/fsevents-2.3.2.tgz",
      "integrity": "sha512-xiqMQR4xAeHTuB9uWm+fFRcIOgKBMiOBP+eXiyT7jsgVCq1bkVygt00oASowB7EdtpOHaaPgKt812P9ab+DDKA==",
      "hasInstallScript": true,
      "optional": true,
      "os": [
        "darwin"
      ],
      "engines": {
        "node": "^8.16.0 || ^10.6.0 || >=11.0.0"
      }
    },
    "node_modules/plotly.js-dist": {
      "version": "2.14.0",
      "resolved": "https://registry.npmjs.org/plotly.js-dist/-/plotly.js-dist-2.14.0.tgz",
      "integrity": "sha512-yZU01CCu/aKlfVaouNBH2EGYUBPziFZD5eTECmIrnsR9RHHUfH7GEyVV4tawNtDoQRTA5rvCI5iXR5YuWc43XA=="
    },
    "node_modules/progressbar.js": {
      "version": "1.1.0",
      "resolved": "https://registry.npmjs.org/progressbar.js/-/progressbar.js-1.1.0.tgz",
      "integrity": "sha512-K68/xcyXKo2I6T3PfIkXrRaycxROmWeU4bugb49iulWR25cU94PM0cfZ47S0jDhG5K3vPhZwCOy1fgb5Pgh6UQ==",
      "dependencies": {
        "shifty": "^2.1.2"
      }
    },
    "node_modules/shifty": {
      "version": "2.19.0",
      "resolved": "https://registry.npmjs.org/shifty/-/shifty-2.19.0.tgz",
      "integrity": "sha512-DoEipurQ5CAbAdIIeK9oo7QOzrCRhXDvtxD2+u+mK6MGaBr/7Vp5wATr5cuMF3txOWucuBj6xEYAHbIaw12w6Q==",
      "optionalDependencies": {
        "fsevents": "^2.3.2"
      }
    }
  },
  "dependencies": {
    "fsevents": {
      "version": "2.3.2",
      "resolved": "https://registry.npmjs.org/fsevents/-/fsevents-2.3.2.tgz",
      "integrity": "sha512-xiqMQR4xAeHTuB9uWm+fFRcIOgKBMiOBP+eXiyT7jsgVCq1bkVygt00oASowB7EdtpOHaaPgKt812P9ab+DDKA==",
      "optional": true
    },
    "plotly.js-dist": {
      "version": "2.14.0",
      "resolved": "https://registry.npmjs.org/plotly.js-dist/-/plotly.js-dist-2.14.0.tgz",
      "integrity": "sha512-yZU01CCu/aKlfVaouNBH2EGYUBPziFZD5eTECmIrnsR9RHHUfH7GEyVV4tawNtDoQRTA5rvCI5iXR5YuWc43XA=="
    },
    "progressbar.js": {
      "version": "1.1.0",
      "resolved": "https://registry.npmjs.org/progressbar.js/-/progressbar.js-1.1.0.tgz",
      "integrity": "sha512-K68/xcyXKo2I6T3PfIkXrRaycxROmWeU4bugb49iulWR25cU94PM0cfZ47S0jDhG5K3vPhZwCOy1fgb5Pgh6UQ==",
      "requires": {
        "shifty": "^2.1.2"
      }
    },
    "shifty": {
      "version": "2.19.0",
      "resolved": "https://registry.npmjs.org/shifty/-/shifty-2.19.0.tgz",
      "integrity": "sha512-DoEipurQ5CAbAdIIeK9oo7QOzrCRhXDvtxD2+u+mK6MGaBr/7Vp5wATr5cuMF3txOWucuBj6xEYAHbIaw12w6Q==",
      "requires": {
        "fsevents": "^2.3.2"
      }
    }
  }
}
